dependencies:
- name: mongodb
  repository: https://charts.bitnami.com/bitnami
  version: 10.6.0
- name: eventstore
  repository: file://../../vendor/eventstore
  version: 0.2.5
digest: sha256:f15ed864ca922f4c4c61df4c4aacade3144ad4db87a8c879a1e37849bb02cd97
generated: "2021-09-22T13:29:03.4293255+02:00"
